
Microsoft Visual Studio Solution File, Format Version 12.00
# Visual Studio Version 17
VisualStudioVersion = 17.5.002.0
MinimumVisualStudioVersion = 10.0.40219.1
Project("{9A19103F-16F7-4668-BE54-9A1E7A4F7556}") = "ProEventos.API", "ProEventos.API\ProEventos.API.csproj", "{9941CF09-A2B4-4D58-BCF2-428032150A51}"
EndProject
Project("{FAE04EC0-301F-11D3-BF4B-00C04F79EFBC}") = "ProEventos.Persistence", "ProEventos.Persistence\ProEventos.Persistence.csproj", "{3231A650-82E9-434D-AB05-B0F334D65838}"
EndProject
Project("{FAE04EC0-301F-11D3-BF4B-00C04F79EFBC}") = "ProEventos.Domain", "ProEventos.Domain\ProEventos.Domain.csproj", "{C0176401-A97E-4721-AD6C-DFB17A0867CF}"
EndProject
Project("{FAE04EC0-301F-11D3-BF4B-00C04F79EFBC}") = "ProEventos.Application", "ProEventos.Application\ProEventos.Application.csproj", "{BBB8F07B-65BC-47E1-AB5D-1F876E14AC51}"
EndProject
Global
	GlobalSection(SolutionConfigurationPlatforms) = preSolution
		Debug|Any CPU = Debug|Any CPU
		Release|Any CPU = Release|Any CPU
	EndGlobalSection
	GlobalSection(ProjectConfigurationPlatforms) = postSolution
		{9941CF09-A2B4-4D58-BCF2-428032150A51}.Debug|Any CPU.ActiveCfg = Debug|Any CPU
		{9941CF09-A2B4-4D58-BCF2-428032150A51}.Debug|Any CPU.Build.0 = Debug|Any CPU
		{9941CF09-A2B4-4D58-BCF2-428032150A51}.Release|Any CPU.ActiveCfg = Release|Any CPU
		{9941CF09-A2B4-4D58-BCF2-428032150A51}.Release|Any CPU.Build.0 = Release|Any CPU
		{3231A650-82E9-434D-AB05-B0F334D65838}.Debug|Any CPU.ActiveCfg = Debug|Any CPU
		{3231A650-82E9-434D-AB05-B0F334D65838}.Debug|Any CPU.Build.0 = Debug|Any CPU
		{3231A650-82E9-434D-AB05-B0F334D65838}.Release|Any CPU.ActiveCfg = Release|Any CPU
		{3231A650-82E9-434D-AB05-B0F334D65838}.Release|Any CPU.Build.0 = Release|Any CPU
		{C0176401-A97E-4721-AD6C-DFB17A0867CF}.Debug|Any CPU.ActiveCfg = Debug|Any CPU
		{C0176401-A97E-4721-AD6C-DFB17A0867CF}.Debug|Any CPU.Build.0 = Debug|Any CPU
		{C0176401-A97E-4721-AD6C-DFB17A0867CF}.Release|Any CPU.ActiveCfg = Release|Any CPU
		{C0176401-A97E-4721-AD6C-DFB17A0867CF}.Release|Any CPU.Build.0 = Release|Any CPU
		{BBB8F07B-65BC-47E1-AB5D-1F876E14AC51}.Debug|Any CPU.ActiveCfg = Debug|Any CPU
		{BBB8F07B-65BC-47E1-AB5D-1F876E14AC51}.Debug|Any CPU.Build.0 = Debug|Any CPU
		{BBB8F07B-65BC-47E1-AB5D-1F876E14AC51}.Release|Any CPU.ActiveCfg = Release|Any CPU
		{BBB8F07B-65BC-47E1-AB5D-1F876E14AC51}.Release|Any CPU.Build.0 = Release|Any CPU
	EndGlobalSection
	GlobalSection(SolutionProperties) = preSolution
		HideSolutionNode = FALSE
	EndGlobalSection
	GlobalSection(ExtensibilityGlobals) = postSolution
		SolutionGuid = {F081C786-E49C-46B9-802B-04A1AD164F79}
	EndGlobalSection
EndGlobal
